
Microsoft Visual Studio Solution File, Format Version 12.00
# Visual Studio Version 17
VisualStudioVersion = 17.13.35919.96 d17.13
MinimumVisualStudioVersion = 10.0.40219.1
Project("{FAE04EC0-301F-11D3-BF4B-00C04F79EFBC}") = "BaiTap1", "BaiTap1\BaiTap1.csproj", "{33505B7A-5287-4F8B-A06F-C84D5C4F7ED8}"
EndProject
Global
	GlobalSection(SolutionConfigurationPlatforms) = preSolution
		Debug|Any CPU = Debug|Any CPU
		Release|Any CPU = Release|Any CPU
	EndGlobalSection
	GlobalSection(ProjectConfigurationPlatforms) = postSolution
		{33505B7A-5287-4F8B-A06F-C84D5C4F7ED8}.Debug|Any CPU.ActiveCfg = Debug|Any CPU
		{33505B7A-5287-4F8B-A06F-C84D5C4F7ED8}.Debug|Any CPU.Build.0 = Debug|Any CPU
		{33505B7A-5287-4F8B-A06F-C84D5C4F7ED8}.Release|Any CPU.ActiveCfg = Release|Any CPU
		{33505B7A-5287-4F8B-A06F-C84D5C4F7ED8}.Release|Any CPU.Build.0 = Release|Any CPU
	EndGlobalSection
	GlobalSection(SolutionProperties) = preSolution
		HideSolutionNode = FALSE
	EndGlobalSection
	GlobalSection(ExtensibilityGlobals) = postSolution
		SolutionGuid = {7D74A078-48C2-49CB-92DF-75B6640CE665}
	EndGlobalSection
EndGlobal
